{\n  "name": "lakshmi-durga-bakery",\n  "lockfileVersion": 1,\n  "dependencies": {\n    "react": {\n      "version": "^17.0.0",\n      "resolved": "https://registry.npmjs.org/react/-/react-17.0.2.tgz",\n      "integrity": "sha512-...",\n      "dev": true\n    },\n    "react-dom": {\n      "version": "^17.0.0",\n      "resolved": "https://registry.npmjs.org/react-dom/-/react-dom-17.0.2.tgz",\n      "integrity": "sha512-...",\n      "dev": true\n    },\n    "react-scripts": {\n      "version": "^4.0.0",\n      "resolved": "https://registry.npmjs.org/react-scripts/-/react-scripts-4.0.3.tgz",\n      "integrity": "sha512-...",\n      "dev": true\n    },\n    "react-router-dom": {\n      "version": "^5.2.0",\n      "resolved": "https://registry.npmjs.org/react-router-dom/-/react-router-dom-5.3.0.tgz",\n      "integrity": "sha512-...",\n      "dev": true\n    },\n    "firebase": {\n      "version": "^9.6.1",\n      "resolved": "https://registry.npmjs.org/firebase/-/firebase-9.6.1.tgz",\n      "integrity": "sha512-...",\n      "dev": true\n    }\n  }\n}